
Microsoft Visual Studio Solution File, Format Version 12.00
# Visual Studio Version 17
VisualStudioVersion = 17.0.32112.339
MinimumVisualStudioVersion = 10.0.40219.1
Project("{FAE04EC0-301F-11D3-BF4B-00C04F79EFBC}") = "Clube de leitura", "Clube de leitura\Clube de leitura.csproj", "{08BE08C5-5A77-4361-A591-E9A7C2DC5821}"
EndProject
Global
	GlobalSection(SolutionConfigurationPlatforms) = preSolution
		Debug|Any CPU = Debug|Any CPU
		Release|Any CPU = Release|Any CPU
	EndGlobalSection
	GlobalSection(ProjectConfigurationPlatforms) = postSolution
		{08BE08C5-5A77-4361-A591-E9A7C2DC5821}.Debug|Any CPU.ActiveCfg = Debug|Any CPU
		{08BE08C5-5A77-4361-A591-E9A7C2DC5821}.Debug|Any CPU.Build.0 = Debug|Any CPU
		{08BE08C5-5A77-4361-A591-E9A7C2DC5821}.Release|Any CPU.ActiveCfg = Release|Any CPU
		{08BE08C5-5A77-4361-A591-E9A7C2DC5821}.Release|Any CPU.Build.0 = Release|Any CPU
	EndGlobalSection
	GlobalSection(SolutionProperties) = preSolution
		HideSolutionNode = FALSE
	EndGlobalSection
	GlobalSection(ExtensibilityGlobals) = postSolution
		SolutionGuid = {8A15DF98-6755-40D4-BA46-64585870AADC}
	EndGlobalSection
EndGlobal
